
Microsoft Visual Studio Solution File, Format Version 12.00
# Visual Studio Version 17
VisualStudioVersion = 17.0.31903.59
MinimumVisualStudioVersion = 10.0.40219.1
Project("{FAE04EC0-301F-11D3-BF4B-00C04F79EFBC}") = "RandomTeamMemberPicker", "RandomTeamMemberPicker\RandomTeamMemberPicker.csproj", "{95DE92B8-0942-4C8B-93EB-A08DA65B93FA}"
EndProject
Project("{2150E333-8FDC-42A3-9474-1A3956D46DE8}") = "Files", "Files", "{B73D1C34-140B-4FC6-B6E6-4E87DD3D7EE3}"
	ProjectSection(SolutionItems) = preProject
		global.json = global.json
		.gitignore = .gitignore
		.github\workflows\aspnet_random-team-member-picker.yml = .github\workflows\aspnet_random-team-member-picker.yml
		.config\dotnet-tools.json = .config\dotnet-tools.json
	EndProjectSection
EndProject
Global
	GlobalSection(SolutionConfigurationPlatforms) = preSolution
		Debug|Any CPU = Debug|Any CPU
		Release|Any CPU = Release|Any CPU
	EndGlobalSection
	GlobalSection(SolutionProperties) = preSolution
		HideSolutionNode = FALSE
	EndGlobalSection
	GlobalSection(ProjectConfigurationPlatforms) = postSolution
		{95DE92B8-0942-4C8B-93EB-A08DA65B93FA}.Debug|Any CPU.ActiveCfg = Debug|Any CPU
		{95DE92B8-0942-4C8B-93EB-A08DA65B93FA}.Debug|Any CPU.Build.0 = Debug|Any CPU
		{95DE92B8-0942-4C8B-93EB-A08DA65B93FA}.Release|Any CPU.ActiveCfg = Release|Any CPU
		{95DE92B8-0942-4C8B-93EB-A08DA65B93FA}.Release|Any CPU.Build.0 = Release|Any CPU
	EndGlobalSection
EndGlobal
